Microsoft Visual Studio Solution File, Format Version 12.00
# Visual Studio Version 16
VisualStudioVersion = 16.0.0.0
MinimumVisualStudioVersion = 16.0.0.0
Project("{9A19103F-16F7-4668-BE54-9A1E7A4F7556}") = "WebAssemblyDemo", "WebAssemblyDemo\WebAssemblyDemo.csproj", "{A5561A6E-20DD-4172-B803-6582312BD671}"
EndProject
Project("{9A19103F-16F7-4668-BE54-9A1E7A4F7556}") = "WebAssemblyDemo.Client", "WebAssemblyDemo.Client\WebAssemblyDemo.Client.csproj", "{98CB5BE9-6171-4DA3-80CA-F26810A6AC5B}"
EndProject
Global
	GlobalSection(SolutionConfigurationPlatforms) = preSolution
		Debug|Any CPU = Debug|Any CPU
		Debug|x64 = Debug|x64
		Debug|x86 = Debug|x86
		Release|Any CPU = Release|Any CPU
		Release|x64 = Release|x64
		Release|x86 = Release|x86
	EndGlobalSection
	GlobalSection(ProjectConfigurationPlatforms) = postSolution
		{98CB5BE9-6171-4DA3-80CA-F26810A6AC5B}.Debug|Any CPU.ActiveCfg = Debug|Any CPU
		{98CB5BE9-6171-4DA3-80CA-F26810A6AC5B}.Debug|Any CPU.Build.0 = Debug|Any CPU
		{98CB5BE9-6171-4DA3-80CA-F26810A6AC5B}.Debug|x64.ActiveCfg = Debug|Any CPU
		{98CB5BE9-6171-4DA3-80CA-F26810A6AC5B}.Debug|x64.Build.0 = Debug|Any CPU
		{98CB5BE9-6171-4DA3-80CA-F26810A6AC5B}.Debug|x86.ActiveCfg = Debug|Any CPU
		{98CB5BE9-6171-4DA3-80CA-F26810A6AC5B}.Debug|x86.Build.0 = Debug|Any CPU
		{98CB5BE9-6171-4DA3-80CA-F26810A6AC5B}.Release|Any CPU.ActiveCfg = Release|Any CPU
		{98CB5BE9-6171-4DA3-80CA-F26810A6AC5B}.Release|Any CPU.Build.0 = Release|Any CPU
		{98CB5BE9-6171-4DA3-80CA-F26810A6AC5B}.Release|x64.ActiveCfg = Release|Any CPU
		{98CB5BE9-6171-4DA3-80CA-F26810A6AC5B}.Release|x64.Build.0 = Release|Any CPU
		{98CB5BE9-6171-4DA3-80CA-F26810A6AC5B}.Release|x86.ActiveCfg = Release|Any CPU
		{98CB5BE9-6171-4DA3-80CA-F26810A6AC5B}.Release|x86.Build.0 = Release|Any CPU
		{A5561A6E-20DD-4172-B803-6582312BD671}.Debug|Any CPU.ActiveCfg = Debug|Any CPU
		{A5561A6E-20DD-4172-B803-6582312BD671}.Debug|Any CPU.Build.0 = Debug|Any CPU
		{A5561A6E-20DD-4172-B803-6582312BD671}.Debug|x64.ActiveCfg = Debug|Any CPU
		{A5561A6E-20DD-4172-B803-6582312BD671}.Debug|x64.Build.0 = Debug|Any CPU
		{A5561A6E-20DD-4172-B803-6582312BD671}.Debug|x86.ActiveCfg = Debug|Any CPU
		{A5561A6E-20DD-4172-B803-6582312BD671}.Debug|x86.Build.0 = Debug|Any CPU
		{A5561A6E-20DD-4172-B803-6582312BD671}.Release|Any CPU.ActiveCfg = Release|Any CPU
		{A5561A6E-20DD-4172-B803-6582312BD671}.Release|Any CPU.Build.0 = Release|Any CPU
		{A5561A6E-20DD-4172-B803-6582312BD671}.Release|x64.ActiveCfg = Release|Any CPU
		{A5561A6E-20DD-4172-B803-6582312BD671}.Release|x64.Build.0 = Release|Any CPU
		{A5561A6E-20DD-4172-B803-6582312BD671}.Release|x86.ActiveCfg = Release|Any CPU
		{A5561A6E-20DD-4172-B803-6582312BD671}.Release|x86.Build.0 = Release|Any CPU
	EndGlobalSection
	GlobalSection(SolutionProperties) = preSolution
		HideSolutionNode = FALSE
	EndGlobalSection
	GlobalSection(ExtensibilityGlobals) = postSolution
		SolutionGuid = {7B0CD852-C38D-49A3-9FB4-A22CE7BE1623}
	EndGlobalSection
EndGlobal
